
Microsoft Visual Studio Solution File, Format Version 12.00
# Visual Studio Version 17
VisualStudioVersion = 17.2.32630.192
MinimumVisualStudioVersion = 10.0.40219.1
Project("{FAE04EC0-301F-11D3-BF4B-00C04F79EFBC}") = "RecruitEveryone", "RecruitEveryone\RecruitEveryone.csproj", "{7527A4E7-F630-4D8D-8DA7-3CAB2E295DB2}"
EndProject
Global
	GlobalSection(SolutionConfigurationPlatforms) = preSolution
		Debug|x64 = Debug|x64
		Release|x64 = Release|x64
	EndGlobalSection
	GlobalSection(ProjectConfigurationPlatforms) = postSolution
		{7527A4E7-F630-4D8D-8DA7-3CAB2E295DB2}.Debug|x64.ActiveCfg = Debug|x64
		{7527A4E7-F630-4D8D-8DA7-3CAB2E295DB2}.Debug|x64.Build.0 = Debug|x64
		{7527A4E7-F630-4D8D-8DA7-3CAB2E295DB2}.Release|x64.ActiveCfg = Release|x64
		{7527A4E7-F630-4D8D-8DA7-3CAB2E295DB2}.Release|x64.Build.0 = Release|x64
	EndGlobalSection
	GlobalSection(SolutionProperties) = preSolution
		HideSolutionNode = FALSE
	EndGlobalSection
	GlobalSection(ExtensibilityGlobals) = postSolution
		SolutionGuid = {26CF613F-095B-48EB-B75C-BE80AF10236A}
	EndGlobalSection
EndGlobal
